
Microsoft Visual Studio Solution File, Format Version 11.00
# Visual Studio 2010
Project("{8BC9CEB8-8B4A-11D0-8D11-00A0C91BC942}") = "vcminer", "vcminer.vcxproj", "{9547AF1E-2A64-4FD3-9BE0-F7E8B827379A}"
EndProject
Global
	GlobalSection(SolutionConfigurationPlatforms) = preSolution
		Debug|Win32 = Debug|Win32
		Release|Win32 = Release|Win32
	EndGlobalSection
	GlobalSection(ProjectConfigurationPlatforms) = postSolution
		{9547AF1E-2A64-4FD3-9BE0-F7E8B827379A}.Debug|Win32.ActiveCfg = Debug|Win32
		{9547AF1E-2A64-4FD3-9BE0-F7E8B827379A}.Debug|Win32.Build.0 = Debug|Win32
		{9547AF1E-2A64-4FD3-9BE0-F7E8B827379A}.Release|Win32.ActiveCfg = Release|Win32
		{9547AF1E-2A64-4FD3-9BE0-F7E8B827379A}.Release|Win32.Build.0 = Release|Win32
	EndGlobalSection
	GlobalSection(SolutionProperties) = preSolution
		HideSolutionNode = FALSE
	EndGlobalSection
EndGlobal
